
Microsoft Visual Studio Solution File, Format Version 12.00
# Visual Studio Version 16
VisualStudioVersion = 16.0.31410.357
MinimumVisualStudioVersion = 10.0.40219.1
Project("{FAE04EC0-301F-11D3-BF4B-00C04F79EFBC}") = "RecordsAndInheritance", "RecordsAndInheritance.csproj", "{82195BB6-92C0-4EBA-94BE-6BE35CEEB83B}"
EndProject
Global
	GlobalSection(SolutionConfigurationPlatforms) = preSolution
		Debug|Any CPU = Debug|Any CPU
		Release|Any CPU = Release|Any CPU
	EndGlobalSection
	GlobalSection(ProjectConfigurationPlatforms) = postSolution
		{82195BB6-92C0-4EBA-94BE-6BE35CEEB83B}.Debug|Any CPU.ActiveCfg = Debug|Any CPU
		{82195BB6-92C0-4EBA-94BE-6BE35CEEB83B}.Debug|Any CPU.Build.0 = Debug|Any CPU
		{82195BB6-92C0-4EBA-94BE-6BE35CEEB83B}.Release|Any CPU.ActiveCfg = Release|Any CPU
		{82195BB6-92C0-4EBA-94BE-6BE35CEEB83B}.Release|Any CPU.Build.0 = Release|Any CPU
	EndGlobalSection
	GlobalSection(SolutionProperties) = preSolution
		HideSolutionNode = FALSE
	EndGlobalSection
	GlobalSection(ExtensibilityGlobals) = postSolution
		SolutionGuid = {1ADA6AFC-D83C-45D0-8FCD-FD324E1DDFB9}
	EndGlobalSection
EndGlobal
