
Microsoft Visual Studio Solution File, Format Version 12.00
# Visual Studio Version 16
VisualStudioVersion = 16.0.31410.357
MinimumVisualStudioVersion = 10.0.40219.1
Project("{FAE04EC0-301F-11D3-BF4B-00C04F79EFBC}") = "UnconstrainedTypeParameters", "UnconstrainedTypeParameters.csproj", "{38F4BF34-71DB-45A4-963C-E958F512484F}"
EndProject
Global
	GlobalSection(SolutionConfigurationPlatforms) = preSolution
		Debug|Any CPU = Debug|Any CPU
		Release|Any CPU = Release|Any CPU
	EndGlobalSection
	GlobalSection(ProjectConfigurationPlatforms) = postSolution
		{38F4BF34-71DB-45A4-963C-E958F512484F}.Debug|Any CPU.ActiveCfg = Debug|Any CPU
		{38F4BF34-71DB-45A4-963C-E958F512484F}.Debug|Any CPU.Build.0 = Debug|Any CPU
		{38F4BF34-71DB-45A4-963C-E958F512484F}.Release|Any CPU.ActiveCfg = Release|Any CPU
		{38F4BF34-71DB-45A4-963C-E958F512484F}.Release|Any CPU.Build.0 = Release|Any CPU
	EndGlobalSection
	GlobalSection(SolutionProperties) = preSolution
		HideSolutionNode = FALSE
	EndGlobalSection
	GlobalSection(ExtensibilityGlobals) = postSolution
		SolutionGuid = {5620116C-1323-41F0-823B-2BAF57051455}
	EndGlobalSection
EndGlobal
