
Microsoft Visual Studio Solution File, Format Version 12.00
# Visual Studio Version 16
VisualStudioVersion = 16.0.31410.357
MinimumVisualStudioVersion = 10.0.40219.1
Project("{FAE04EC0-301F-11D3-BF4B-00C04F79EFBC}") = "Records", "Records.csproj", "{B2A8970F-6C32-4D96-9D22-051D4F6FC898}"
EndProject
Global
	GlobalSection(SolutionConfigurationPlatforms) = preSolution
		Debug|Any CPU = Debug|Any CPU
		Release|Any CPU = Release|Any CPU
	EndGlobalSection
	GlobalSection(ProjectConfigurationPlatforms) = postSolution
		{B2A8970F-6C32-4D96-9D22-051D4F6FC898}.Debug|Any CPU.ActiveCfg = Debug|Any CPU
		{B2A8970F-6C32-4D96-9D22-051D4F6FC898}.Debug|Any CPU.Build.0 = Debug|Any CPU
		{B2A8970F-6C32-4D96-9D22-051D4F6FC898}.Release|Any CPU.ActiveCfg = Release|Any CPU
		{B2A8970F-6C32-4D96-9D22-051D4F6FC898}.Release|Any CPU.Build.0 = Release|Any CPU
	EndGlobalSection
	GlobalSection(SolutionProperties) = preSolution
		HideSolutionNode = FALSE
	EndGlobalSection
	GlobalSection(ExtensibilityGlobals) = postSolution
		SolutionGuid = {CD45F43A-CC24-4700-B7AB-AE25A6E4C2DD}
	EndGlobalSection
EndGlobal
