
Microsoft Visual Studio Solution File, Format Version 12.00
# Visual Studio Version 16
VisualStudioVersion = 16.0.31410.357
MinimumVisualStudioVersion = 10.0.40219.1
Project("{FAE04EC0-301F-11D3-BF4B-00C04F79EFBC}") = "ConstructorsAndDeconstructorsInRecords", "ConstructorsAndDeconstructorsInRecords.csproj", "{18DE2553-D44D-475D-B821-9656BCD9198F}"
EndProject
Global
	GlobalSection(SolutionConfigurationPlatforms) = preSolution
		Debug|Any CPU = Debug|Any CPU
		Release|Any CPU = Release|Any CPU
	EndGlobalSection
	GlobalSection(ProjectConfigurationPlatforms) = postSolution
		{18DE2553-D44D-475D-B821-9656BCD9198F}.Debug|Any CPU.ActiveCfg = Debug|Any CPU
		{18DE2553-D44D-475D-B821-9656BCD9198F}.Debug|Any CPU.Build.0 = Debug|Any CPU
		{18DE2553-D44D-475D-B821-9656BCD9198F}.Release|Any CPU.ActiveCfg = Release|Any CPU
		{18DE2553-D44D-475D-B821-9656BCD9198F}.Release|Any CPU.Build.0 = Release|Any CPU
	EndGlobalSection
	GlobalSection(SolutionProperties) = preSolution
		HideSolutionNode = FALSE
	EndGlobalSection
	GlobalSection(ExtensibilityGlobals) = postSolution
		SolutionGuid = {DF4AA832-2E39-44A8-86D7-2E01CBAA24EB}
	EndGlobalSection
EndGlobal
