
Microsoft Visual Studio Solution File, Format Version 12.00
# Visual Studio Version 16
VisualStudioVersion = 16.0.31410.357
MinimumVisualStudioVersion = 10.0.40219.1
Project("{FAE04EC0-301F-11D3-BF4B-00C04F79EFBC}") = "ExtensionGetEnumerator", "ExtensionGetEnumerator.csproj", "{2C6EB662-94B0-4964-A04A-3319E9902236}"
EndProject
Global
	GlobalSection(SolutionConfigurationPlatforms) = preSolution
		Debug|Any CPU = Debug|Any CPU
		Release|Any CPU = Release|Any CPU
	EndGlobalSection
	GlobalSection(ProjectConfigurationPlatforms) = postSolution
		{2C6EB662-94B0-4964-A04A-3319E9902236}.Debug|Any CPU.ActiveCfg = Debug|Any CPU
		{2C6EB662-94B0-4964-A04A-3319E9902236}.Debug|Any CPU.Build.0 = Debug|Any CPU
		{2C6EB662-94B0-4964-A04A-3319E9902236}.Release|Any CPU.ActiveCfg = Release|Any CPU
		{2C6EB662-94B0-4964-A04A-3319E9902236}.Release|Any CPU.Build.0 = Release|Any CPU
	EndGlobalSection
	GlobalSection(SolutionProperties) = preSolution
		HideSolutionNode = FALSE
	EndGlobalSection
	GlobalSection(ExtensibilityGlobals) = postSolution
		SolutionGuid = {777B89A1-8375-4781-953A-7EB94B553341}
	EndGlobalSection
EndGlobal
