
Microsoft Visual Studio Solution File, Format Version 12.00
# Visual Studio Version 16
VisualStudioVersion = 16.0.31410.357
MinimumVisualStudioVersion = 10.0.40219.1
Project("{FAE04EC0-301F-11D3-BF4B-00C04F79EFBC}") = "StaticAnonymousFunctions", "StaticAnonymousFunctions.csproj", "{A353162E-FCCC-4ED2-B41F-F30824842201}"
EndProject
Global
	GlobalSection(SolutionConfigurationPlatforms) = preSolution
		Debug|Any CPU = Debug|Any CPU
		Release|Any CPU = Release|Any CPU
	EndGlobalSection
	GlobalSection(ProjectConfigurationPlatforms) = postSolution
		{A353162E-FCCC-4ED2-B41F-F30824842201}.Debug|Any CPU.ActiveCfg = Debug|Any CPU
		{A353162E-FCCC-4ED2-B41F-F30824842201}.Debug|Any CPU.Build.0 = Debug|Any CPU
		{A353162E-FCCC-4ED2-B41F-F30824842201}.Release|Any CPU.ActiveCfg = Release|Any CPU
		{A353162E-FCCC-4ED2-B41F-F30824842201}.Release|Any CPU.Build.0 = Release|Any CPU
	EndGlobalSection
	GlobalSection(SolutionProperties) = preSolution
		HideSolutionNode = FALSE
	EndGlobalSection
	GlobalSection(ExtensibilityGlobals) = postSolution
		SolutionGuid = {1318B82F-E460-4F9C-83AB-51FBC5EF6B48}
	EndGlobalSection
EndGlobal
