
Microsoft Visual Studio Solution File, Format Version 12.00
# Visual Studio Version 16
VisualStudioVersion = 16.0.31410.357
MinimumVisualStudioVersion = 10.0.40219.1
Project("{FAE04EC0-301F-11D3-BF4B-00C04F79EFBC}") = "NativeSizedIntegers", "NativeSizedIntegers.csproj", "{1087530F-3204-4609-8B04-FD50131000D3}"
EndProject
Global
	GlobalSection(SolutionConfigurationPlatforms) = preSolution
		Debug|Any CPU = Debug|Any CPU
		Release|Any CPU = Release|Any CPU
	EndGlobalSection
	GlobalSection(ProjectConfigurationPlatforms) = postSolution
		{1087530F-3204-4609-8B04-FD50131000D3}.Debug|Any CPU.ActiveCfg = Debug|Any CPU
		{1087530F-3204-4609-8B04-FD50131000D3}.Debug|Any CPU.Build.0 = Debug|Any CPU
		{1087530F-3204-4609-8B04-FD50131000D3}.Release|Any CPU.ActiveCfg = Release|Any CPU
		{1087530F-3204-4609-8B04-FD50131000D3}.Release|Any CPU.Build.0 = Release|Any CPU
	EndGlobalSection
	GlobalSection(SolutionProperties) = preSolution
		HideSolutionNode = FALSE
	EndGlobalSection
	GlobalSection(ExtensibilityGlobals) = postSolution
		SolutionGuid = {17E224DB-AA1F-4A15-9270-9B5CF049238B}
	EndGlobalSection
EndGlobal
