
Microsoft Visual Studio Solution File, Format Version 12.00
# Visual Studio Version 16
VisualStudioVersion = 16.0.31410.357
MinimumVisualStudioVersion = 10.0.40219.1
Project("{FAE04EC0-301F-11D3-BF4B-00C04F79EFBC}") = "CovariantReturns", "CovariantReturns.csproj", "{29AD4C84-8760-498D-A82B-16ADB1F27B93}"
EndProject
Global
	GlobalSection(SolutionConfigurationPlatforms) = preSolution
		Debug|Any CPU = Debug|Any CPU
		Release|Any CPU = Release|Any CPU
	EndGlobalSection
	GlobalSection(ProjectConfigurationPlatforms) = postSolution
		{29AD4C84-8760-498D-A82B-16ADB1F27B93}.Debug|Any CPU.ActiveCfg = Debug|Any CPU
		{29AD4C84-8760-498D-A82B-16ADB1F27B93}.Debug|Any CPU.Build.0 = Debug|Any CPU
		{29AD4C84-8760-498D-A82B-16ADB1F27B93}.Release|Any CPU.ActiveCfg = Release|Any CPU
		{29AD4C84-8760-498D-A82B-16ADB1F27B93}.Release|Any CPU.Build.0 = Release|Any CPU
	EndGlobalSection
	GlobalSection(SolutionProperties) = preSolution
		HideSolutionNode = FALSE
	EndGlobalSection
	GlobalSection(ExtensibilityGlobals) = postSolution
		SolutionGuid = {2FC5F968-30E9-47FE-AD24-9073F7CBB173}
	EndGlobalSection
EndGlobal
